{
    "_readme": [
        "This file locks the dependencies of your project to a known state",
        "Read more about it at https://getcomposer.org/doc/01-basic-usage.md#composer-lock-the-lock-file",
        "This file is @generated automatically"
    ],
    "hash": "6de736a1552c8c0f6a1facbf1d5e6bf5",
    "content-hash": "d5ad72c58a49008559df9a15f24f1ebe",
    "packages": [
        {
            "name": "fridde/html",
            "version": "dev-master",
            "source": {
                "type": "git",
                "url": "https://github.com/fridde/html.git",
                "reference": "a2dc5f952defe85ac04e51ae539f1d7a1b24f3b3"
            },
            "dist": {
                "type": "zip",
                "url": "https://api.github.com/repos/fridde/html/zipball/a2dc5f952defe85ac04e51ae539f1d7a1b24f3b3",
                "reference": "a2dc5f952defe85ac04e51ae539f1d7a1b24f3b3",
                "shasum": ""
            },
            "require": {
                "php": ">=7.0.0"
            },
            "type": "library",
            "autoload": {
                "psr-4": {
                    "Fridde\\": "src/"
                }
            },
            "notification-url": "https://packagist.org/downloads/",
            "license": [
                "MIT"
            ],
            "authors": [
                {
                    "name": "fridde",
                    "email": "f@hehl.se"
                }
            ],
            "time": "2016-09-25 21:12:26"
        },
        {
            "name": "fridde/sql",
            "version": "dev-master",
            "source": {
                "type": "git",
                "url": "https://github.com/fridde/sql.git",
                "reference": "30c0f4c7c328beddc9ff96e42be736a762ac53cd"
            },
            "dist": {
                "type": "zip",
                "url": "https://api.github.com/repos/fridde/sql/zipball/30c0f4c7c328beddc9ff96e42be736a762ac53cd",
                "reference": "30c0f4c7c328beddc9ff96e42be736a762ac53cd",
                "shasum": ""
            },
            "require": {
                "php": ">=7.0.0",
                "phpixie/database": "^3.2"
            },
            "type": "library",
            "autoload": {
                "psr-4": {
                    "Fridde\\": "src/"
                }
            },
            "notification-url": "https://packagist.org/downloads/",
            "license": [
                "MIT"
            ],
            "authors": [
                {
                    "name": "fridde",
                    "email": "f@hehl.se"
                }
            ],
            "time": "2016-09-28 15:09:45"
        },
        {
            "name": "fridde/utility",
            "version": "dev-master",
            "source": {
                "type": "git",
                "url": "https://github.com/fridde/utility.git",
                "reference": "2b508439c2dad1bbdb36992e4ceae22a158ac57e"
            },
            "dist": {
                "type": "zip",
                "url": "https://api.github.com/repos/fridde/utility/zipball/2b508439c2dad1bbdb36992e4ceae22a158ac57e",
                "reference": "2b508439c2dad1bbdb36992e4ceae22a158ac57e",
                "shasum": ""
            },
            "require": {
                "php": ">=7.0.0"
            },
            "type": "library",
            "autoload": {
                "psr-4": {
                    "Fridde\\": "src/"
                }
            },
            "notification-url": "https://packagist.org/downloads/",
            "license": [
                "MIT"
            ],
            "authors": [
                {
                    "name": "fridde",
                    "email": "f@hehl.se"
                }
            ],
            "time": "2016-09-18 20:12:47"
        },
        {
            "name": "phpixie/database",
            "version": "dev-master",
            "source": {
                "type": "git",
                "url": "https://github.com/PHPixie/Database.git",
                "reference": "5df6290ab1f999236709cec1a50dc52074e7eb06"
            },
            "dist": {
                "type": "zip",
                "url": "https://api.github.com/repos/PHPixie/Database/zipball/5df6290ab1f999236709cec1a50dc52074e7eb06",
                "reference": "5df6290ab1f999236709cec1a50dc52074e7eb06",
                "shasum": ""
            },
            "require": {
                "phpixie/slice": "~3.0"
            },
            "require-dev": {
                "phpixie/test": "~3.0"
            },
            "type": "library",
            "extra": {
                "branch-alias": {
                    "dev-master": "3.x-dev"
                }
            },
            "autoload": {
                "psr-4": {
                    "PHPixie\\": "src/PHPixie",
                    "PHPixie\\Tests\\": "tests/PHPixie/Tests"
                }
            },
            "notification-url": "https://packagist.org/downloads/",
            "license": [
                "BSD"
            ],
            "authors": [
                {
                    "name": "Roman Tsiupa",
                    "email": "draconyster@gmail.com",
                    "homepage": "http://dracony.org"
                }
            ],
            "description": "PHPixie Database library",
            "homepage": "http://phpixie.com",
            "keywords": [
                "database",
                "mysql",
                "postgresql",
                "sqlite"
            ],
            "time": "2016-09-28 19:26:33"
        },
        {
            "name": "phpixie/slice",
            "version": "dev-master",
            "source": {
                "type": "git",
                "url": "https://github.com/PHPixie/Slice.git",
                "reference": "7fefde8b744e8540b5d93ab928dba477241e6624"
            },
            "dist": {
                "type": "zip",
                "url": "https://api.github.com/repos/PHPixie/Slice/zipball/7fefde8b744e8540b5d93ab928dba477241e6624",
                "reference": "7fefde8b744e8540b5d93ab928dba477241e6624",
                "shasum": ""
            },
            "require-dev": {
                "phpixie/test": "~3.0"
            },
            "type": "library",
            "extra": {
                "branch-alias": {
                    "dev-master": "3.x-dev"
                }
            },
            "autoload": {
                "psr-4": {
                    "PHPixie\\": "src/PHPixie",
                    "PHPixie\\Tests\\": "tests/PHPixie/Tests"
                }
            },
            "notification-url": "https://packagist.org/downloads/",
            "license": [
                "BSD"
            ],
            "authors": [
                {
                    "name": "Roman Tsiupa",
                    "email": "draconyster@gmail.com",
                    "homepage": "http://dracony.org"
                }
            ],
            "description": "Slice library for PHPixie",
            "homepage": "http://phpixie.com",
            "keywords": [
                "array",
                "data",
                "parameters"
            ],
            "time": "2016-06-13 09:01:25"
        },
        {
            "name": "sabre/uri",
            "version": "1.1.0",
            "source": {
                "type": "git",
                "url": "https://github.com/fruux/sabre-uri.git",
                "reference": "9012116434d84ef6e5e37a89dfdbfbe2204a8704"
            },
            "dist": {
                "type": "zip",
                "url": "https://api.github.com/repos/fruux/sabre-uri/zipball/9012116434d84ef6e5e37a89dfdbfbe2204a8704",
                "reference": "9012116434d84ef6e5e37a89dfdbfbe2204a8704",
                "shasum": ""
            },
            "require": {
                "php": ">=5.4.7"
            },
            "require-dev": {
                "phpunit/phpunit": "*",
                "sabre/cs": "~0.0.1"
            },
            "type": "library",
            "autoload": {
                "files": [
                    "lib/functions.php"
                ],
                "psr-4": {
                    "Sabre\\Uri\\": "lib/"
                }
            },
            "notification-url": "https://packagist.org/downloads/",
            "license": [
                "BSD-3-Clause"
            ],
            "authors": [
                {
                    "name": "Evert Pot",
                    "email": "me@evertpot.com",
                    "homepage": "http://evertpot.com/",
                    "role": "Developer"
                }
            ],
            "description": "Functions for making sense out of URIs.",
            "homepage": "http://sabre.io/uri/",
            "keywords": [
                "rfc3986",
                "uri",
                "url"
            ],
            "time": "2016-03-08 02:29:27"
        },
        {
            "name": "sabre/xml",
            "version": "1.4.2",
            "source": {
                "type": "git",
                "url": "https://github.com/fruux/sabre-xml.git",
                "reference": "f48d98c22a4a4bef76cabb5968ffaddbb2bb593e"
            },
            "dist": {
                "type": "zip",
                "url": "https://api.github.com/repos/fruux/sabre-xml/zipball/f48d98c22a4a4bef76cabb5968ffaddbb2bb593e",
                "reference": "f48d98c22a4a4bef76cabb5968ffaddbb2bb593e",
                "shasum": ""
            },
            "require": {
                "ext-dom": "*",
                "ext-xmlreader": "*",
                "ext-xmlwriter": "*",
                "lib-libxml": ">=2.6.20",
                "php": ">=5.4.1",
                "sabre/uri": "~1.0"
            },
            "require-dev": {
                "phpunit/phpunit": "*",
                "sabre/cs": "~0.0.2"
            },
            "type": "library",
            "autoload": {
                "psr-4": {
                    "Sabre\\Xml\\": "lib/"
                },
                "files": [
                    "lib/Deserializer/functions.php",
                    "lib/Serializer/functions.php"
                ]
            },
            "notification-url": "https://packagist.org/downloads/",
            "license": [
                "BSD-3-Clause"
            ],
            "authors": [
                {
                    "name": "Evert Pot",
                    "email": "me@evertpot.com",
                    "homepage": "http://evertpot.com/",
                    "role": "Developer"
                },
                {
                    "name": "Markus Staab",
                    "email": "markus.staab@redaxo.de",
                    "role": "Developer"
                }
            ],
            "description": "sabre/xml is an XML library that you may not hate.",
            "homepage": "https://sabre.io/xml/",
            "keywords": [
                "XMLReader",
                "XMLWriter",
                "dom",
                "xml"
            ],
            "time": "2016-05-19 21:56:49"
        }
    ],
    "packages-dev": [],
    "aliases": [],
    "minimum-stability": "dev",
    "stability-flags": {
        "fridde/sql": 20,
        "fridde/html": 20,
        "fridde/utility": 20
    },
    "prefer-stable": false,
    "prefer-lowest": false,
    "platform": [],
    "platform-dev": []
}
